
Microsoft Visual Studio Solution File, Format Version 12.00
# Visual Studio Version 17
VisualStudioVersion = 17.0.31903.59
MinimumVisualStudioVersion = 10.0.40219.1
Project("{2150E333-8FDC-42A3-9474-1A3956D46DE8}") = "tools", "tools", "{07C2787E-EAC7-C090-1BA3-A61EC2A24D84}"
EndProject
Project("{FAE04EC0-301F-11D3-BF4B-00C04F79EFBC}") = "Peloton.SimRunner", "tools\Peloton.SimRunner\Peloton.SimRunner.csproj", "{A9886CFC-F16C-456E-859C-022CEEFE635B}"
EndProject
Project("{2150E333-8FDC-42A3-9474-1A3956D46DE8}") = "src", "src", "{827E0CD3-B72D-47B6-A68D-7590B98EB39B}"
EndProject
Project("{FAE04EC0-301F-11D3-BF4B-00C04F79EFBC}") = "Peloton.Application", "src\Peloton.Application\Peloton.Application.csproj", "{6B046568-D2AB-4C98-9922-E25F92DF6801}"
EndProject
Project("{FAE04EC0-301F-11D3-BF4B-00C04F79EFBC}") = "Peloton.Domain", "src\Peloton.Domain\Peloton.Domain.csproj", "{5F6A01AA-9B46-4D3B-82A4-D7972B5AB3DA}"
EndProject
Project("{FAE04EC0-301F-11D3-BF4B-00C04F79EFBC}") = "Peloton.Rules", "src\Peloton.Rules\Peloton.Rules.csproj", "{9296A9FF-1112-4E2D-9D64-87DFC495757B}"
EndProject
Project("{FAE04EC0-301F-11D3-BF4B-00C04F79EFBC}") = "Peloton.Simulation", "src\Peloton.Simulation\Peloton.Simulation.csproj", "{762E522C-D62C-45FD-B846-08D78F35FC20}"
EndProject
Project("{FAE04EC0-301F-11D3-BF4B-00C04F79EFBC}") = "Peloton.Infrastructure", "src\Peloton.Infrastructure\Peloton.Infrastructure.csproj", "{EC482F17-1940-4C68-9CCD-8D71D9CC90B3}"
EndProject
Project("{FAE04EC0-301F-11D3-BF4B-00C04F79EFBC}") = "Peloton.Content", "src\Peloton.Content\Peloton.Content.csproj", "{B168A9F7-7245-4CB3-AAE7-27240688A027}"
EndProject
Project("{FAE04EC0-301F-11D3-BF4B-00C04F79EFBC}") = "Peloton.Persistence", "src\Peloton.Persistence\Peloton.Persistence.csproj", "{97233959-12E2-4585-8555-C70311B5A04D}"
EndProject
Project("{2150E333-8FDC-42A3-9474-1A3956D46DE8}") = "tests", "tests", "{0AB3BF05-4346-4AA6-1389-037BE0695223}"
EndProject
Project("{FAE04EC0-301F-11D3-BF4B-00C04F79EFBC}") = "Peloton.Simulation.Tests", "tests\Peloton.Simulation.Tests\Peloton.Simulation.Tests.csproj", "{E9DB8FE8-B0A1-46F7-AC06-ACB2ED146EF5}"
EndProject
Project("{FAE04EC0-301F-11D3-BF4B-00C04F79EFBC}") = "Peloton.Persistence.Tests", "tests\Peloton.Persistence.Tests\Peloton.Persistence.Tests.csproj", "{F1DF5C4C-B7F0-46A4-A681-A6EB6F443D49}"
EndProject
Project("{FAE04EC0-301F-11D3-BF4B-00C04F79EFBC}") = "Peloton.Domain.Tests", "tests\Peloton.Domain.Tests\Peloton.Domain.Tests.csproj", "{BEB01E43-7BFA-4B49-894A-9FB58BB7C27C}"
EndProject
Project("{FAE04EC0-301F-11D3-BF4B-00C04F79EFBC}") = "Peloton.Architecture.Tests", "tests\Peloton.Architecture.Tests\Peloton.Architecture.Tests.csproj", "{218F44CD-70A1-44C8-8A31-1777C0AC2583}"
EndProject
Project("{FAE04EC0-301F-11D3-BF4B-00C04F79EFBC}") = "Peloton.Application.Tests", "tests\Peloton.Application.Tests\Peloton.Application.Tests.csproj", "{D0236B44-3B6C-4694-BFBD-607EDD6EAEB1}"
EndProject
Project("{FAE04EC0-301F-11D3-BF4B-00C04F79EFBC}") = "Peloton.Client.Godot", "src\Peloton.Client.Godot\Peloton.Client.Godot.csproj", "{8317CA2B-6CFC-49FD-B365-45D0300F6F2A}"
EndProject
Global
	GlobalSection(SolutionConfigurationPlatforms) = preSolution
		Debug|Any CPU = Debug|Any CPU
		Debug|x64 = Debug|x64
		Debug|x86 = Debug|x86
		Release|Any CPU = Release|Any CPU
		Release|x64 = Release|x64
		Release|x86 = Release|x86
	EndGlobalSection
	GlobalSection(ProjectConfigurationPlatforms) = postSolution
		{A9886CFC-F16C-456E-859C-022CEEFE635B}.Debug|Any CPU.ActiveCfg = Debug|Any CPU
		{A9886CFC-F16C-456E-859C-022CEEFE635B}.Debug|Any CPU.Build.0 = Debug|Any CPU
		{A9886CFC-F16C-456E-859C-022CEEFE635B}.Debug|x64.ActiveCfg = Debug|Any CPU
		{A9886CFC-F16C-456E-859C-022CEEFE635B}.Debug|x64.Build.0 = Debug|Any CPU
		{A9886CFC-F16C-456E-859C-022CEEFE635B}.Debug|x86.ActiveCfg = Debug|Any CPU
		{A9886CFC-F16C-456E-859C-022CEEFE635B}.Debug|x86.Build.0 = Debug|Any CPU
		{A9886CFC-F16C-456E-859C-022CEEFE635B}.Release|Any CPU.ActiveCfg = Release|Any CPU
		{A9886CFC-F16C-456E-859C-022CEEFE635B}.Release|Any CPU.Build.0 = Release|Any CPU
		{A9886CFC-F16C-456E-859C-022CEEFE635B}.Release|x64.ActiveCfg = Release|Any CPU
		{A9886CFC-F16C-456E-859C-022CEEFE635B}.Release|x64.Build.0 = Release|Any CPU
		{A9886CFC-F16C-456E-859C-022CEEFE635B}.Release|x86.ActiveCfg = Release|Any CPU
		{A9886CFC-F16C-456E-859C-022CEEFE635B}.Release|x86.Build.0 = Release|Any CPU
		{6B046568-D2AB-4C98-9922-E25F92DF6801}.Debug|Any CPU.ActiveCfg = Debug|Any CPU
		{6B046568-D2AB-4C98-9922-E25F92DF6801}.Debug|Any CPU.Build.0 = Debug|Any CPU
		{6B046568-D2AB-4C98-9922-E25F92DF6801}.Debug|x64.ActiveCfg = Debug|Any CPU
		{6B046568-D2AB-4C98-9922-E25F92DF6801}.Debug|x64.Build.0 = Debug|Any CPU
		{6B046568-D2AB-4C98-9922-E25F92DF6801}.Debug|x86.ActiveCfg = Debug|Any CPU
		{6B046568-D2AB-4C98-9922-E25F92DF6801}.Debug|x86.Build.0 = Debug|Any CPU
		{6B046568-D2AB-4C98-9922-E25F92DF6801}.Release|Any CPU.ActiveCfg = Release|Any CPU
		{6B046568-D2AB-4C98-9922-E25F92DF6801}.Release|Any CPU.Build.0 = Release|Any CPU
		{6B046568-D2AB-4C98-9922-E25F92DF6801}.Release|x64.ActiveCfg = Release|Any CPU
		{6B046568-D2AB-4C98-9922-E25F92DF6801}.Release|x64.Build.0 = Release|Any CPU
		{6B046568-D2AB-4C98-9922-E25F92DF6801}.Release|x86.ActiveCfg = Release|Any CPU
		{6B046568-D2AB-4C98-9922-E25F92DF6801}.Release|x86.Build.0 = Release|Any CPU
		{5F6A01AA-9B46-4D3B-82A4-D7972B5AB3DA}.Debug|Any CPU.ActiveCfg = Debug|Any CPU
		{5F6A01AA-9B46-4D3B-82A4-D7972B5AB3DA}.Debug|Any CPU.Build.0 = Debug|Any CPU
		{5F6A01AA-9B46-4D3B-82A4-D7972B5AB3DA}.Debug|x64.ActiveCfg = Debug|Any CPU
		{5F6A01AA-9B46-4D3B-82A4-D7972B5AB3DA}.Debug|x64.Build.0 = Debug|Any CPU
		{5F6A01AA-9B46-4D3B-82A4-D7972B5AB3DA}.Debug|x86.ActiveCfg = Debug|Any CPU
		{5F6A01AA-9B46-4D3B-82A4-D7972B5AB3DA}.Debug|x86.Build.0 = Debug|Any CPU
		{5F6A01AA-9B46-4D3B-82A4-D7972B5AB3DA}.Release|Any CPU.ActiveCfg = Release|Any CPU
		{5F6A01AA-9B46-4D3B-82A4-D7972B5AB3DA}.Release|Any CPU.Build.0 = Release|Any CPU
		{5F6A01AA-9B46-4D3B-82A4-D7972B5AB3DA}.Release|x64.ActiveCfg = Release|Any CPU
		{5F6A01AA-9B46-4D3B-82A4-D7972B5AB3DA}.Release|x64.Build.0 = Release|Any CPU
		{5F6A01AA-9B46-4D3B-82A4-D7972B5AB3DA}.Release|x86.ActiveCfg = Release|Any CPU
		{5F6A01AA-9B46-4D3B-82A4-D7972B5AB3DA}.Release|x86.Build.0 = Release|Any CPU
		{9296A9FF-1112-4E2D-9D64-87DFC495757B}.Debug|Any CPU.ActiveCfg = Debug|Any CPU
		{9296A9FF-1112-4E2D-9D64-87DFC495757B}.Debug|Any CPU.Build.0 = Debug|Any CPU
		{9296A9FF-1112-4E2D-9D64-87DFC495757B}.Debug|x64.ActiveCfg = Debug|Any CPU
		{9296A9FF-1112-4E2D-9D64-87DFC495757B}.Debug|x64.Build.0 = Debug|Any CPU
		{9296A9FF-1112-4E2D-9D64-87DFC495757B}.Debug|x86.ActiveCfg = Debug|Any CPU
		{9296A9FF-1112-4E2D-9D64-87DFC495757B}.Debug|x86.Build.0 = Debug|Any CPU
		{9296A9FF-1112-4E2D-9D64-87DFC495757B}.Release|Any CPU.ActiveCfg = Release|Any CPU
		{9296A9FF-1112-4E2D-9D64-87DFC495757B}.Release|Any CPU.Build.0 = Release|Any CPU
		{9296A9FF-1112-4E2D-9D64-87DFC495757B}.Release|x64.ActiveCfg = Release|Any CPU
		{9296A9FF-1112-4E2D-9D64-87DFC495757B}.Release|x64.Build.0 = Release|Any CPU
		{9296A9FF-1112-4E2D-9D64-87DFC495757B}.Release|x86.ActiveCfg = Release|Any CPU
		{9296A9FF-1112-4E2D-9D64-87DFC495757B}.Release|x86.Build.0 = Release|Any CPU
		{762E522C-D62C-45FD-B846-08D78F35FC20}.Debug|Any CPU.ActiveCfg = Debug|Any CPU
		{762E522C-D62C-45FD-B846-08D78F35FC20}.Debug|Any CPU.Build.0 = Debug|Any CPU
		{762E522C-D62C-45FD-B846-08D78F35FC20}.Debug|x64.ActiveCfg = Debug|Any CPU
		{762E522C-D62C-45FD-B846-08D78F35FC20}.Debug|x64.Build.0 = Debug|Any CPU
		{762E522C-D62C-45FD-B846-08D78F35FC20}.Debug|x86.ActiveCfg = Debug|Any CPU
		{762E522C-D62C-45FD-B846-08D78F35FC20}.Debug|x86.Build.0 = Debug|Any CPU
		{762E522C-D62C-45FD-B846-08D78F35FC20}.Release|Any CPU.ActiveCfg = Release|Any CPU
		{762E522C-D62C-45FD-B846-08D78F35FC20}.Release|Any CPU.Build.0 = Release|Any CPU
		{762E522C-D62C-45FD-B846-08D78F35FC20}.Release|x64.ActiveCfg = Release|Any CPU
		{762E522C-D62C-45FD-B846-08D78F35FC20}.Release|x64.Build.0 = Release|Any CPU
		{762E522C-D62C-45FD-B846-08D78F35FC20}.Release|x86.ActiveCfg = Release|Any CPU
		{762E522C-D62C-45FD-B846-08D78F35FC20}.Release|x86.Build.0 = Release|Any CPU
		{EC482F17-1940-4C68-9CCD-8D71D9CC90B3}.Debug|Any CPU.ActiveCfg = Debug|Any CPU
		{EC482F17-1940-4C68-9CCD-8D71D9CC90B3}.Debug|Any CPU.Build.0 = Debug|Any CPU
		{EC482F17-1940-4C68-9CCD-8D71D9CC90B3}.Debug|x64.ActiveCfg = Debug|Any CPU
		{EC482F17-1940-4C68-9CCD-8D71D9CC90B3}.Debug|x64.Build.0 = Debug|Any CPU
		{EC482F17-1940-4C68-9CCD-8D71D9CC90B3}.Debug|x86.ActiveCfg = Debug|Any CPU
		{EC482F17-1940-4C68-9CCD-8D71D9CC90B3}.Debug|x86.Build.0 = Debug|Any CPU
		{EC482F17-1940-4C68-9CCD-8D71D9CC90B3}.Release|Any CPU.ActiveCfg = Release|Any CPU
		{EC482F17-1940-4C68-9CCD-8D71D9CC90B3}.Release|Any CPU.Build.0 = Release|Any CPU
		{EC482F17-1940-4C68-9CCD-8D71D9CC90B3}.Release|x64.ActiveCfg = Release|Any CPU
		{EC482F17-1940-4C68-9CCD-8D71D9CC90B3}.Release|x64.Build.0 = Release|Any CPU
		{EC482F17-1940-4C68-9CCD-8D71D9CC90B3}.Release|x86.ActiveCfg = Release|Any CPU
		{EC482F17-1940-4C68-9CCD-8D71D9CC90B3}.Release|x86.Build.0 = Release|Any CPU
		{B168A9F7-7245-4CB3-AAE7-27240688A027}.Debug|Any CPU.ActiveCfg = Debug|Any CPU
		{B168A9F7-7245-4CB3-AAE7-27240688A027}.Debug|Any CPU.Build.0 = Debug|Any CPU
		{B168A9F7-7245-4CB3-AAE7-27240688A027}.Debug|x64.ActiveCfg = Debug|Any CPU
		{B168A9F7-7245-4CB3-AAE7-27240688A027}.Debug|x64.Build.0 = Debug|Any CPU
		{B168A9F7-7245-4CB3-AAE7-27240688A027}.Debug|x86.ActiveCfg = Debug|Any CPU
		{B168A9F7-7245-4CB3-AAE7-27240688A027}.Debug|x86.Build.0 = Debug|Any CPU
		{B168A9F7-7245-4CB3-AAE7-27240688A027}.Release|Any CPU.ActiveCfg = Release|Any CPU
		{B168A9F7-7245-4CB3-AAE7-27240688A027}.Release|Any CPU.Build.0 = Release|Any CPU
		{B168A9F7-7245-4CB3-AAE7-27240688A027}.Release|x64.ActiveCfg = Release|Any CPU
		{B168A9F7-7245-4CB3-AAE7-27240688A027}.Release|x64.Build.0 = Release|Any CPU
		{B168A9F7-7245-4CB3-AAE7-27240688A027}.Release|x86.ActiveCfg = Release|Any CPU
		{B168A9F7-7245-4CB3-AAE7-27240688A027}.Release|x86.Build.0 = Release|Any CPU
		{97233959-12E2-4585-8555-C70311B5A04D}.Debug|Any CPU.ActiveCfg = Debug|Any CPU
		{97233959-12E2-4585-8555-C70311B5A04D}.Debug|Any CPU.Build.0 = Debug|Any CPU
		{97233959-12E2-4585-8555-C70311B5A04D}.Debug|x64.ActiveCfg = Debug|Any CPU
		{97233959-12E2-4585-8555-C70311B5A04D}.Debug|x64.Build.0 = Debug|Any CPU
		{97233959-12E2-4585-8555-C70311B5A04D}.Debug|x86.ActiveCfg = Debug|Any CPU
		{97233959-12E2-4585-8555-C70311B5A04D}.Debug|x86.Build.0 = Debug|Any CPU
		{97233959-12E2-4585-8555-C70311B5A04D}.Release|Any CPU.ActiveCfg = Release|Any CPU
		{97233959-12E2-4585-8555-C70311B5A04D}.Release|Any CPU.Build.0 = Release|Any CPU
		{97233959-12E2-4585-8555-C70311B5A04D}.Release|x64.ActiveCfg = Release|Any CPU
		{97233959-12E2-4585-8555-C70311B5A04D}.Release|x64.Build.0 = Release|Any CPU
		{97233959-12E2-4585-8555-C70311B5A04D}.Release|x86.ActiveCfg = Release|Any CPU
		{97233959-12E2-4585-8555-C70311B5A04D}.Release|x86.Build.0 = Release|Any CPU
		{E9DB8FE8-B0A1-46F7-AC06-ACB2ED146EF5}.Debug|Any CPU.ActiveCfg = Debug|Any CPU
		{E9DB8FE8-B0A1-46F7-AC06-ACB2ED146EF5}.Debug|Any CPU.Build.0 = Debug|Any CPU
		{E9DB8FE8-B0A1-46F7-AC06-ACB2ED146EF5}.Debug|x64.ActiveCfg = Debug|Any CPU
		{E9DB8FE8-B0A1-46F7-AC06-ACB2ED146EF5}.Debug|x64.Build.0 = Debug|Any CPU
		{E9DB8FE8-B0A1-46F7-AC06-ACB2ED146EF5}.Debug|x86.ActiveCfg = Debug|Any CPU
		{E9DB8FE8-B0A1-46F7-AC06-ACB2ED146EF5}.Debug|x86.Build.0 = Debug|Any CPU
		{E9DB8FE8-B0A1-46F7-AC06-ACB2ED146EF5}.Release|Any CPU.ActiveCfg = Release|Any CPU
		{E9DB8FE8-B0A1-46F7-AC06-ACB2ED146EF5}.Release|Any CPU.Build.0 = Release|Any CPU
		{E9DB8FE8-B0A1-46F7-AC06-ACB2ED146EF5}.Release|x64.ActiveCfg = Release|Any CPU
		{E9DB8FE8-B0A1-46F7-AC06-ACB2ED146EF5}.Release|x64.Build.0 = Release|Any CPU
		{E9DB8FE8-B0A1-46F7-AC06-ACB2ED146EF5}.Release|x86.ActiveCfg = Release|Any CPU
		{E9DB8FE8-B0A1-46F7-AC06-ACB2ED146EF5}.Release|x86.Build.0 = Release|Any CPU
		{F1DF5C4C-B7F0-46A4-A681-A6EB6F443D49}.Debug|Any CPU.ActiveCfg = Debug|Any CPU
		{F1DF5C4C-B7F0-46A4-A681-A6EB6F443D49}.Debug|Any CPU.Build.0 = Debug|Any CPU
		{F1DF5C4C-B7F0-46A4-A681-A6EB6F443D49}.Debug|x64.ActiveCfg = Debug|Any CPU
		{F1DF5C4C-B7F0-46A4-A681-A6EB6F443D49}.Debug|x64.Build.0 = Debug|Any CPU
		{F1DF5C4C-B7F0-46A4-A681-A6EB6F443D49}.Debug|x86.ActiveCfg = Debug|Any CPU
		{F1DF5C4C-B7F0-46A4-A681-A6EB6F443D49}.Debug|x86.Build.0 = Debug|Any CPU
		{F1DF5C4C-B7F0-46A4-A681-A6EB6F443D49}.Release|Any CPU.ActiveCfg = Release|Any CPU
		{F1DF5C4C-B7F0-46A4-A681-A6EB6F443D49}.Release|Any CPU.Build.0 = Release|Any CPU
		{F1DF5C4C-B7F0-46A4-A681-A6EB6F443D49}.Release|x64.ActiveCfg = Release|Any CPU
		{F1DF5C4C-B7F0-46A4-A681-A6EB6F443D49}.Release|x64.Build.0 = Release|Any CPU
		{F1DF5C4C-B7F0-46A4-A681-A6EB6F443D49}.Release|x86.ActiveCfg = Release|Any CPU
		{F1DF5C4C-B7F0-46A4-A681-A6EB6F443D49}.Release|x86.Build.0 = Release|Any CPU
		{BEB01E43-7BFA-4B49-894A-9FB58BB7C27C}.Debug|Any CPU.ActiveCfg = Debug|Any CPU
		{BEB01E43-7BFA-4B49-894A-9FB58BB7C27C}.Debug|Any CPU.Build.0 = Debug|Any CPU
		{BEB01E43-7BFA-4B49-894A-9FB58BB7C27C}.Debug|x64.ActiveCfg = Debug|Any CPU
		{BEB01E43-7BFA-4B49-894A-9FB58BB7C27C}.Debug|x64.Build.0 = Debug|Any CPU
		{BEB01E43-7BFA-4B49-894A-9FB58BB7C27C}.Debug|x86.ActiveCfg = Debug|Any CPU
		{BEB01E43-7BFA-4B49-894A-9FB58BB7C27C}.Debug|x86.Build.0 = Debug|Any CPU
		{BEB01E43-7BFA-4B49-894A-9FB58BB7C27C}.Release|Any CPU.ActiveCfg = Release|Any CPU
		{BEB01E43-7BFA-4B49-894A-9FB58BB7C27C}.Release|Any CPU.Build.0 = Release|Any CPU
		{BEB01E43-7BFA-4B49-894A-9FB58BB7C27C}.Release|x64.ActiveCfg = Release|Any CPU
		{BEB01E43-7BFA-4B49-894A-9FB58BB7C27C}.Release|x64.Build.0 = Release|Any CPU
		{BEB01E43-7BFA-4B49-894A-9FB58BB7C27C}.Release|x86.ActiveCfg = Release|Any CPU
		{BEB01E43-7BFA-4B49-894A-9FB58BB7C27C}.Release|x86.Build.0 = Release|Any CPU
		{218F44CD-70A1-44C8-8A31-1777C0AC2583}.Debug|Any CPU.ActiveCfg = Debug|Any CPU
		{218F44CD-70A1-44C8-8A31-1777C0AC2583}.Debug|Any CPU.Build.0 = Debug|Any CPU
		{218F44CD-70A1-44C8-8A31-1777C0AC2583}.Debug|x64.ActiveCfg = Debug|Any CPU
		{218F44CD-70A1-44C8-8A31-1777C0AC2583}.Debug|x64.Build.0 = Debug|Any CPU
		{218F44CD-70A1-44C8-8A31-1777C0AC2583}.Debug|x86.ActiveCfg = Debug|Any CPU
		{218F44CD-70A1-44C8-8A31-1777C0AC2583}.Debug|x86.Build.0 = Debug|Any CPU
		{218F44CD-70A1-44C8-8A31-1777C0AC2583}.Release|Any CPU.ActiveCfg = Release|Any CPU
		{218F44CD-70A1-44C8-8A31-1777C0AC2583}.Release|Any CPU.Build.0 = Release|Any CPU
		{218F44CD-70A1-44C8-8A31-1777C0AC2583}.Release|x64.ActiveCfg = Release|Any CPU
		{218F44CD-70A1-44C8-8A31-1777C0AC2583}.Release|x64.Build.0 = Release|Any CPU
		{218F44CD-70A1-44C8-8A31-1777C0AC2583}.Release|x86.ActiveCfg = Release|Any CPU
		{218F44CD-70A1-44C8-8A31-1777C0AC2583}.Release|x86.Build.0 = Release|Any CPU
		{D0236B44-3B6C-4694-BFBD-607EDD6EAEB1}.Debug|Any CPU.ActiveCfg = Debug|Any CPU
		{D0236B44-3B6C-4694-BFBD-607EDD6EAEB1}.Debug|Any CPU.Build.0 = Debug|Any CPU
		{D0236B44-3B6C-4694-BFBD-607EDD6EAEB1}.Debug|x64.ActiveCfg = Debug|Any CPU
		{D0236B44-3B6C-4694-BFBD-607EDD6EAEB1}.Debug|x64.Build.0 = Debug|Any CPU
		{D0236B44-3B6C-4694-BFBD-607EDD6EAEB1}.Debug|x86.ActiveCfg = Debug|Any CPU
		{D0236B44-3B6C-4694-BFBD-607EDD6EAEB1}.Debug|x86.Build.0 = Debug|Any CPU
		{D0236B44-3B6C-4694-BFBD-607EDD6EAEB1}.Release|Any CPU.ActiveCfg = Release|Any CPU
		{D0236B44-3B6C-4694-BFBD-607EDD6EAEB1}.Release|Any CPU.Build.0 = Release|Any CPU
		{D0236B44-3B6C-4694-BFBD-607EDD6EAEB1}.Release|x64.ActiveCfg = Release|Any CPU
		{D0236B44-3B6C-4694-BFBD-607EDD6EAEB1}.Release|x64.Build.0 = Release|Any CPU
		{D0236B44-3B6C-4694-BFBD-607EDD6EAEB1}.Release|x86.ActiveCfg = Release|Any CPU
		{D0236B44-3B6C-4694-BFBD-607EDD6EAEB1}.Release|x86.Build.0 = Release|Any CPU
		{8317CA2B-6CFC-49FD-B365-45D0300F6F2A}.Debug|Any CPU.ActiveCfg = Debug|Any CPU
		{8317CA2B-6CFC-49FD-B365-45D0300F6F2A}.Debug|Any CPU.Build.0 = Debug|Any CPU
		{8317CA2B-6CFC-49FD-B365-45D0300F6F2A}.Debug|x64.ActiveCfg = Debug|Any CPU
		{8317CA2B-6CFC-49FD-B365-45D0300F6F2A}.Debug|x64.Build.0 = Debug|Any CPU
		{8317CA2B-6CFC-49FD-B365-45D0300F6F2A}.Debug|x86.ActiveCfg = Debug|Any CPU
		{8317CA2B-6CFC-49FD-B365-45D0300F6F2A}.Debug|x86.Build.0 = Debug|Any CPU
		{8317CA2B-6CFC-49FD-B365-45D0300F6F2A}.Release|Any CPU.ActiveCfg = Release|Any CPU
		{8317CA2B-6CFC-49FD-B365-45D0300F6F2A}.Release|Any CPU.Build.0 = Release|Any CPU
		{8317CA2B-6CFC-49FD-B365-45D0300F6F2A}.Release|x64.ActiveCfg = Release|Any CPU
		{8317CA2B-6CFC-49FD-B365-45D0300F6F2A}.Release|x64.Build.0 = Release|Any CPU
		{8317CA2B-6CFC-49FD-B365-45D0300F6F2A}.Release|x86.ActiveCfg = Release|Any CPU
		{8317CA2B-6CFC-49FD-B365-45D0300F6F2A}.Release|x86.Build.0 = Release|Any CPU
	EndGlobalSection
	GlobalSection(SolutionProperties) = preSolution
		HideSolutionNode = FALSE
	EndGlobalSection
	GlobalSection(NestedProjects) = preSolution
		{A9886CFC-F16C-456E-859C-022CEEFE635B} = {07C2787E-EAC7-C090-1BA3-A61EC2A24D84}
		{6B046568-D2AB-4C98-9922-E25F92DF6801} = {827E0CD3-B72D-47B6-A68D-7590B98EB39B}
		{5F6A01AA-9B46-4D3B-82A4-D7972B5AB3DA} = {827E0CD3-B72D-47B6-A68D-7590B98EB39B}
		{9296A9FF-1112-4E2D-9D64-87DFC495757B} = {827E0CD3-B72D-47B6-A68D-7590B98EB39B}
		{762E522C-D62C-45FD-B846-08D78F35FC20} = {827E0CD3-B72D-47B6-A68D-7590B98EB39B}
		{EC482F17-1940-4C68-9CCD-8D71D9CC90B3} = {827E0CD3-B72D-47B6-A68D-7590B98EB39B}
		{B168A9F7-7245-4CB3-AAE7-27240688A027} = {827E0CD3-B72D-47B6-A68D-7590B98EB39B}
		{97233959-12E2-4585-8555-C70311B5A04D} = {827E0CD3-B72D-47B6-A68D-7590B98EB39B}
		{E9DB8FE8-B0A1-46F7-AC06-ACB2ED146EF5} = {0AB3BF05-4346-4AA6-1389-037BE0695223}
		{F1DF5C4C-B7F0-46A4-A681-A6EB6F443D49} = {0AB3BF05-4346-4AA6-1389-037BE0695223}
		{BEB01E43-7BFA-4B49-894A-9FB58BB7C27C} = {0AB3BF05-4346-4AA6-1389-037BE0695223}
		{218F44CD-70A1-44C8-8A31-1777C0AC2583} = {0AB3BF05-4346-4AA6-1389-037BE0695223}
		{D0236B44-3B6C-4694-BFBD-607EDD6EAEB1} = {0AB3BF05-4346-4AA6-1389-037BE0695223}
		{8317CA2B-6CFC-49FD-B365-45D0300F6F2A} = {827E0CD3-B72D-47B6-A68D-7590B98EB39B}
	EndGlobalSection
EndGlobal
